
Microsoft Visual Studio Solution File, Format Version 12.00
# Visual Studio Version 17
VisualStudioVersion = 17.11.35222.181
MinimumVisualStudioVersion = 10.0.40219.1
Project("{FAE04EC0-301F-11D3-BF4B-00C04F79EFBC}") = "PowerShell_kurssi_WebApplication", "PowerShell_kurssi_WebApplication\PowerShell_kurssi_WebApplication.csproj", "{B921B556-19D4-44B0-A8DC-0D0BFFED7961}"
EndProject
Global
	GlobalSection(SolutionConfigurationPlatforms) = preSolution
		Debug|Any CPU = Debug|Any CPU
		Release|Any CPU = Release|Any CPU
	EndGlobalSection
	GlobalSection(ProjectConfigurationPlatforms) = postSolution
		{B921B556-19D4-44B0-A8DC-0D0BFFED7961}.Debug|Any CPU.ActiveCfg = Debug|Any CPU
		{B921B556-19D4-44B0-A8DC-0D0BFFED7961}.Debug|Any CPU.Build.0 = Debug|Any CPU
		{B921B556-19D4-44B0-A8DC-0D0BFFED7961}.Release|Any CPU.ActiveCfg = Release|Any CPU
		{B921B556-19D4-44B0-A8DC-0D0BFFED7961}.Release|Any CPU.Build.0 = Release|Any CPU
	EndGlobalSection
	GlobalSection(SolutionProperties) = preSolution
		HideSolutionNode = FALSE
	EndGlobalSection
	GlobalSection(ExtensibilityGlobals) = postSolution
		SolutionGuid = {F772DE98-0ACA-4200-AA71-5FAC7255E3C9}
	EndGlobalSection
EndGlobal
